
Microsoft Visual Studio Solution File, Format Version 12.00
# Visual Studio Version 17
VisualStudioVersion = 17.8.34511.84
MinimumVisualStudioVersion = 10.0.40219.1
Project("{FAE04EC0-301F-11D3-BF4B-00C04F79EFBC}") = "TvBet.TestTask", "TvBet.TestTask.csproj", "{05E2CDD3-C3B7-4400-9255-8BCDF44C91A4}"
EndProject
Global
	GlobalSection(SolutionConfigurationPlatforms) = preSolution
		Debug|Any CPU = Debug|Any CPU
		Release|Any CPU = Release|Any CPU
	EndGlobalSection
	GlobalSection(ProjectConfigurationPlatforms) = postSolution
		{05E2CDD3-C3B7-4400-9255-8BCDF44C91A4}.Debug|Any CPU.ActiveCfg = Debug|Any CPU
		{05E2CDD3-C3B7-4400-9255-8BCDF44C91A4}.Debug|Any CPU.Build.0 = Debug|Any CPU
		{05E2CDD3-C3B7-4400-9255-8BCDF44C91A4}.Release|Any CPU.ActiveCfg = Release|Any CPU
		{05E2CDD3-C3B7-4400-9255-8BCDF44C91A4}.Release|Any CPU.Build.0 = Release|Any CPU
	EndGlobalSection
	GlobalSection(SolutionProperties) = preSolution
		HideSolutionNode = FALSE
	EndGlobalSection
	GlobalSection(ExtensibilityGlobals) = postSolution
		SolutionGuid = {30C5808D-E115-46EA-B17F-023228AA72B8}
	EndGlobalSection
EndGlobal
